<?xml version="1.0" encoding="utf-8"?>
<Project ToolsVersion="4.0" xmlns="http://schemas.microsoft.com/developer/msbuild/2003">
  <ItemGroup>
    <ResourceCompile Include="19_权限管理_添加权限盾牌标志的按钮.rc" />
  </ItemGroup>
  <ItemGroup>
    <ClCompile Include="WinMain.cpp" />
  </ItemGroup>
</Project>